
Microsoft Visual Studio Solution File, Format Version 12.00
# Visual Studio 15
Project("{FAE04EC0-301F-11D3-BF4B-00C04F79EFBC}") = "Assembly-CSharp", "Assembly-CSharp.csproj", "{7D8ECC96-9514-248D-5C00-516247D4AE44}"
EndProject
Project("{FAE04EC0-301F-11D3-BF4B-00C04F79EFBC}") = "Assembly-CSharp-firstpass", "Assembly-CSharp-firstpass.csproj", "{EC972255-4D25-B1C9-C34D-B1E0444D9E5E}"
EndProject
Project("{FAE04EC0-301F-11D3-BF4B-00C04F79EFBC}") = "Substance.EditorHelper", "Substance.EditorHelper.csproj", "{49D6CEF8-D53C-6975-57DD-684B3BF8AF53}"
EndProject
Project("{FAE04EC0-301F-11D3-BF4B-00C04F79EFBC}") = "Substance.Platform", "Substance.Platform.csproj", "{04BD22BD-7CBC-E088-C81D-BC8C589FEF0D}"
EndProject
Project("{FAE04EC0-301F-11D3-BF4B-00C04F79EFBC}") = "Assembly-CSharp-Editor", "Assembly-CSharp-Editor.csproj", "{EF70EFBD-A179-8E03-3B55-1A9AA8A0F776}"
EndProject
Global
	GlobalSection(SolutionConfigurationPlatforms) = preSolution
		Debug|Any CPU = Debug|Any CPU
		Release|Any CPU = Release|Any CPU
	EndGlobalSection
	GlobalSection(ProjectConfigurationPlatforms) = postSolution
		{7D8ECC96-9514-248D-5C00-516247D4AE44}.Debug|Any CPU.ActiveCfg = Debug|Any CPU
		{7D8ECC96-9514-248D-5C00-516247D4AE44}.Debug|Any CPU.Build.0 = Debug|Any CPU
		{7D8ECC96-9514-248D-5C00-516247D4AE44}.Release|Any CPU.ActiveCfg = Release|Any CPU
		{7D8ECC96-9514-248D-5C00-516247D4AE44}.Release|Any CPU.Build.0 = Release|Any CPU
		{EC972255-4D25-B1C9-C34D-B1E0444D9E5E}.Debug|Any CPU.ActiveCfg = Debug|Any CPU
		{EC972255-4D25-B1C9-C34D-B1E0444D9E5E}.Debug|Any CPU.Build.0 = Debug|Any CPU
		{EC972255-4D25-B1C9-C34D-B1E0444D9E5E}.Release|Any CPU.ActiveCfg = Release|Any CPU
		{EC972255-4D25-B1C9-C34D-B1E0444D9E5E}.Release|Any CPU.Build.0 = Release|Any CPU
		{49D6CEF8-D53C-6975-57DD-684B3BF8AF53}.Debug|Any CPU.ActiveCfg = Debug|Any CPU
		{49D6CEF8-D53C-6975-57DD-684B3BF8AF53}.Debug|Any CPU.Build.0 = Debug|Any CPU
		{49D6CEF8-D53C-6975-57DD-684B3BF8AF53}.Release|Any CPU.ActiveCfg = Release|Any CPU
		{49D6CEF8-D53C-6975-57DD-684B3BF8AF53}.Release|Any CPU.Build.0 = Release|Any CPU
		{04BD22BD-7CBC-E088-C81D-BC8C589FEF0D}.Debug|Any CPU.ActiveCfg = Debug|Any CPU
		{04BD22BD-7CBC-E088-C81D-BC8C589FEF0D}.Debug|Any CPU.Build.0 = Debug|Any CPU
		{04BD22BD-7CBC-E088-C81D-BC8C589FEF0D}.Release|Any CPU.ActiveCfg = Release|Any CPU
		{04BD22BD-7CBC-E088-C81D-BC8C589FEF0D}.Release|Any CPU.Build.0 = Release|Any CPU
		{EF70EFBD-A179-8E03-3B55-1A9AA8A0F776}.Debug|Any CPU.ActiveCfg = Debug|Any CPU
		{EF70EFBD-A179-8E03-3B55-1A9AA8A0F776}.Debug|Any CPU.Build.0 = Debug|Any CPU
		{EF70EFBD-A179-8E03-3B55-1A9AA8A0F776}.Release|Any CPU.ActiveCfg = Release|Any CPU
		{EF70EFBD-A179-8E03-3B55-1A9AA8A0F776}.Release|Any CPU.Build.0 = Release|Any CPU
	EndGlobalSection
	GlobalSection(SolutionProperties) = preSolution
		HideSolutionNode = FALSE
	EndGlobalSection
EndGlobal
